// !$*UTF8*$!
{
	archiveVersion = 1;
	classes = {
	};
	objectVersion = 50;
	objects = {

/* Begin PBXBuildFile section */
		CDEAE25324F7E2B600B29E31 /* AppDelegate.swift in Sources */ = {isa = PBXBuildFile; fileRef = CDEAE25224F7E2B600B29E31 /* AppDelegate.swift */; };
		CDEAE25524F7E2B600B29E31 /* SceneDelegate.swift in Sources */ = {isa = PBXBuildFile; fileRef = CDEAE25424F7E2B600B29E31 /* SceneDelegate.swift */; };
		CDEAE25724F7E2B600B29E31 /* ViewController.swift in Sources */ = {isa = PBXBuildFile; fileRef = CDEAE25624F7E2B600B29E31 /* ViewController.swift */; };
		CDEAE25C24F7E2B700B29E31 /* Assets.xcassets in Resources */ = {isa = PBXBuildFile; fileRef = CDEAE25B24F7E2B700B29E31 /* Assets.xcassets */; };
		CDEAE25F24F7E2B700B29E31 /* LaunchScreen.storyboard in Resources */ = {isa = PBXBuildFile; fileRef = CDEAE25D24F7E2B700B29E31 /* LaunchScreen.storyboard */; };
/* End PBXBuildFile section */

/* Begin PBXFileReference section */
		CDEAE24F24F7E2B600B29E31 /* Test_Task_3.app */ = {isa = PBXFileReference; explicitFileType = wrapper.application; includeInIndex = 0; path = Test_Task_3.app; sourceTree = BUILT_PRODUCTS_DIR; };
		CDEAE25224F7E2B600B29E31 /* AppDelegate.swift */ = {isa = PBXFileReference; lastKnownFileType = sourcecode.swift; path = AppDelegate.swift; sourceTree = "<group>"; };
		CDEAE25424F7E2B600B29E31 /* SceneDelegate.swift */ = {isa = PBXFileReference; lastKnownFileType = sourcecode.swift; path = SceneDelegate.swift; sourceTree = "<group>"; };
		CDEAE25624F7E2B600B29E31 /* ViewController.swift */ = {isa = PBXFileReference; lastKnownFileType = sourcecode.swift; path = ViewController.swift; sourceTree = "<group>"; };
		CDEAE25B24F7E2B700B29E31 /* Assets.xcassets */ = {isa = PBXFileReference; lastKnownFileType = folder.assetcatalog; path = Assets.xcassets; sourceTree = "<group>"; };
		CDEAE25E24F7E2B700B29E31 /* Base */ = {isa = PBXFileReference; lastKnownFileType = file.storyboard; name = Base; path = Base.lproj/LaunchScreen.storyboard; sourceTree = "<group>"; };
		CDEAE26024F7E2B700B29E31 /* Info.plist */ = {isa = PBXFileReference; lastKnownFileType = text.plist.xml; path = Info.plist; sourceTree = "<group>"; };
/* End PBXFileReference section */

/* Begin PBXFrameworksBuildPhase section */
		CDEAE24C24F7E2B600B29E31 /* Frameworks */ = {
			isa = PBXFrameworksBuildPhase;
			buildActionMask = 2147483647;
			files = (
			);
			runOnlyForDeploymentPostprocessing = 0;
		};
/* End PBXFrameworksBuildPhase section */

/* Begin PBXGroup section */
		CDEAE24624F7E2B600B29E31 = {
			isa = PBXGroup;
			children = (
				CDEAE26B24F7ED6A00B29E31 /* Sources */,
				CDEAE25124F7E2B600B29E31 /* Test_Task_3 */,
				CDEAE25024F7E2B600B29E31 /* Products */,
			);
			sourceTree = "<group>";
		};
		CDEAE25024F7E2B600B29E31 /* Products */ = {
			isa = PBXGroup;
			children = (
				CDEAE24F24F7E2B600B29E31 /* Test_Task_3.app */,
			);
			name = Products;
			sourceTree = "<group>";
		};
		CDEAE25124F7E2B600B29E31 /* Test_Task_3 */ = {
			isa = PBXGroup;
			children = (
				CDEAE25224F7E2B600B29E31 /* AppDelegate.swift */,
				CDEAE25424F7E2B600B29E31 /* SceneDelegate.swift */,
				CDEAE25624F7E2B600B29E31 /* ViewController.swift */,
				CDEAE25B24F7E2B700B29E31 /* Assets.xcassets */,
				CDEAE25D24F7E2B700B29E31 /* LaunchScreen.storyboard */,
				CDEAE26024F7E2B700B29E31 /* Info.plist */,
			);
			path = Test_Task_3;
			sourceTree = "<group>";
		};
		CDEAE26624F7ECEE00B29E31 /* UI */ = {
			isa = PBXGroup;
			children = (
				CDEAE26E24F7F08700B29E31 /* CityDetailsViewController */,
				CDEAE26D24F7F05E00B29E31 /* CitiesListViewController */,
				CDEAE26C24F7F05000B29E31 /* AppConfigurator */,
			);
			path = UI;
			sourceTree = "<group>";
		};
		CDEAE26724F7ECFD00B29E31 /* Models */ = {
			isa = PBXGroup;
			children = (
			);
			path = Models;
			sourceTree = "<group>";
		};
		CDEAE26824F7ED0500B29E31 /* Services */ = {
			isa = PBXGroup;
			children = (
			);
			path = Services;
			sourceTree = "<group>";
		};
		CDEAE26924F7ED0E00B29E31 /* Extensions */ = {
			isa = PBXGroup;
			children = (
			);
			path = Extensions;
			sourceTree = "<group>";
		};
		CDEAE26A24F7ED1800B29E31 /* AppKit */ = {
			isa = PBXGroup;
			children = (
			);
			path = AppKit;
			sourceTree = "<group>";
		};
		CDEAE26B24F7ED6A00B29E31 /* Sources */ = {
			isa = PBXGroup;
			children = (
				CDEAE26624F7ECEE00B29E31 /* UI */,
				CDEAE26724F7ECFD00B29E31 /* Models */,
				CDEAE26824F7ED0500B29E31 /* Services */,
				CDEAE26924F7ED0E00B29E31 /* Extensions */,
				CDEAE26A24F7ED1800B29E31 /* AppKit */,
			);
			path = Sources;
			sourceTree = "<group>";
		};
		CDEAE26C24F7F05000B29E31 /* AppConfigurator */ = {
			isa = PBXGroup;
			children = (
			);
			path = AppConfigurator;
			sourceTree = "<group>";
		};
		CDEAE26D24F7F05E00B29E31 /* CitiesListViewController */ = {
			isa = PBXGroup;
			children = (
			);
			path = CitiesListViewController;
			sourceTree = "<group>";
		};
		CDEAE26E24F7F08700B29E31 /* CityDetailsViewController */ = {
			isa = PBXGroup;
			children = (
			);
			path = CityDetailsViewController;
			sourceTree = "<group>";
		};
/* End PBXGroup section */

/* Begin PBXNativeTarget section */
		CDEAE24E24F7E2B600B29E31 /* Test_Task_3 */ = {
			isa = PBXNativeTarget;
			buildConfigurationList = CDEAE26324F7E2B700B29E31 /* Build configuration list for PBXNativeTarget "Test_Task_3" */;
			buildPhases = (
				CDEAE24B24F7E2B600B29E31 /* Sources */,
				CDEAE24C24F7E2B600B29E31 /* Frameworks */,
				CDEAE24D24F7E2B600B29E31 /* Resources */,
			);
			buildRules = (
			);
			dependencies = (
			);
			name = Test_Task_3;
			productName = Test_Task_3;
			productReference = CDEAE24F24F7E2B600B29E31 /* Test_Task_3.app */;
			productType = "com.apple.product-type.application";
		};
/* End PBXNativeTarget section */

/* Begin PBXProject section */
		CDEAE24724F7E2B600B29E31 /* Project object */ = {
			isa = PBXProject;
			attributes = {
				LastSwiftUpdateCheck = 1160;
				LastUpgradeCheck = 1160;
				ORGANIZATIONNAME = "Юлия Воротченко";
				TargetAttributes = {
					CDEAE24E24F7E2B600B29E31 = {
						CreatedOnToolsVersion = 11.6;
					};
				};
			};
			buildConfigurationList = CDEAE24A24F7E2B600B29E31 /* Build configuration list for PBXProject "Test_Task_3" */;
			compatibilityVersion = "Xcode 9.3";
			developmentRegion = en;
			hasScannedForEncodings = 0;
			knownRegions = (
				en,
				Base,
			);
			mainGroup = CDEAE24624F7E2B600B29E31;
			productRefGroup = CDEAE25024F7E2B600B29E31 /* Products */;
			projectDirPath = "";
			projectRoot = "";
			targets = (
				CDEAE24E24F7E2B600B29E31 /* Test_Task_3 */,
			);
		};
/* End PBXProject section */

/* Begin PBXResourcesBuildPhase section */
		CDEAE24D24F7E2B600B29E31 /* Resources */ = {
			isa = PBXResourcesBuildPhase;
			buildActionMask = 2147483647;
			files = (
				CDEAE25F24F7E2B700B29E31 /* LaunchScreen.storyboard in Resources */,
				CDEAE25C24F7E2B700B29E31 /* Assets.xcassets in Resources */,
			);
			runOnlyForDeploymentPostprocessing = 0;
		};
/* End PBXResourcesBuildPhase section */

/* Begin PBXSourcesBuildPhase section */
		CDEAE24B24F7E2B600B29E31 /* Sources */ = {
			isa = PBXSourcesBuildPhase;
			buildActionMask = 2147483647;
			files = (
				CDEAE25724F7E2B600B29E31 /* ViewController.swift in Sources */,
				CDEAE25324F7E2B600B29E31 /* AppDelegate.swift in Sources */,
				CDEAE25524F7E2B600B29E31 /* SceneDelegate.swift in Sources */,
			);
			runOnlyForDeploymentPostprocessing = 0;
		};
/* End PBXSourcesBuildPhase section */

/* Begin PBXVariantGroup section */
		CDEAE25D24F7E2B700B29E31 /* LaunchScreen.storyboard */ = {
			isa = PBXVariantGroup;
			children = (
				CDEAE25E24F7E2B700B29E31 /* Base */,
			);
			name = LaunchScreen.storyboard;
			sourceTree = "<group>";
		};
/* End PBXVariantGroup section */

/* Begin XCBuildConfiguration section */
		CDEAE26124F7E2B700B29E31 /* Debug */ = {
			isa = XCBuildConfiguration;
			buildSettings = {
				ALWAYS_SEARCH_USER_PATHS = NO;
				CLANG_ANALYZER_NONNULL = YES;
				CLANG_ANALYZER_NUMBER_OBJECT_CONVERSION = YES_AGGRESSIVE;
				CLANG_CXX_LANGUAGE_STANDARD = "gnu++14";
				CLANG_CXX_LIBRARY = "libc++";
				CLANG_ENABLE_MODULES = YES;
				CLANG_ENABLE_OBJC_ARC = YES;
				CLANG_ENABLE_OBJC_WEAK = YES;
				CLANG_WARN_BLOCK_CAPTURE_AUTORELEASING = YES;
				CLANG_WARN_BOOL_CONVERSION = YES;
				CLANG_WARN_COMMA = YES;
				CLANG_WARN_CONSTANT_CONVERSION = YES;
				CLANG_WARN_DEPRECATED_OBJC_IMPLEMENTATIONS = YES;
				CLANG_WARN_DIRECT_OBJC_ISA_USAGE = YES_ERROR;
				CLANG_WARN_DOCUMENTATION_COMMENTS = YES;
				CLANG_WARN_EMPTY_BODY = YES;
				CLANG_WARN_ENUM_CONVERSION = YES;
				CLANG_WARN_INFINITE_RECURSION = YES;
				CLANG_WARN_INT_CONVERSION = YES;
				CLANG_WARN_NON_LITERAL_NULL_CONVERSION = YES;
				CLANG_WARN_OBJC_IMPLICIT_RETAIN_SELF = YES;
				CLANG_WARN_OBJC_LITERAL_CONVERSION = YES;
				CLANG_WARN_OBJC_ROOT_CLASS = YES_ERROR;
				CLANG_WARN_RANGE_LOOP_ANALYSIS = YES;
				CLANG_WARN_STRICT_PROTOTYPES = YES;
				CLANG_WARN_SUSPICIOUS_MOVE = YES;
				CLANG_WARN_UNGUARDED_AVAILABILITY = YES_AGGRESSIVE;
				CLANG_WARN_UNREACHABLE_CODE = YES;
				CLANG_WARN__DUPLICATE_METHOD_MATCH = YES;
				COPY_PHASE_STRIP = NO;
				DEBUG_INFORMATION_FORMAT = dwarf;
				ENABLE_STRICT_OBJC_MSGSEND = YES;
				ENABLE_TESTABILITY = YES;
				GCC_C_LANGUAGE_STANDARD = gnu11;
				GCC_DYNAMIC_NO_PIC = NO;
				GCC_NO_COMMON_BLOCKS = YES;
				GCC_OPTIMIZATION_LEVEL = 0;
				GCC_PREPROCESSOR_DEFINITIONS = (
					"DEBUG=1",
					"$(inherited)",
				);
				GCC_WARN_64_TO_32_BIT_CONVERSION = YES;
				GCC_WARN_ABOUT_RETURN_TYPE = YES_ERROR;
				GCC_WARN_UNDECLARED_SELECTOR = YES;
				GCC_WARN_UNINITIALIZED_AUTOS = YES_AGGRESSIVE;
				GCC_WARN_UNUSED_FUNCTION = YES;
				GCC_WARN_UNUSED_VARIABLE = YES;
				IPHONEOS_DEPLOYMENT_TARGET = 13.6;
				MTL_ENABLE_DEBUG_INFO = INCLUDE_SOURCE;
				MTL_FAST_MATH = YES;
				ONLY_ACTIVE_ARCH = YES;
				SDKROOT = iphoneos;
				SWIFT_ACTIVE_COMPILATION_CONDITIONS = DEBUG;
				SWIFT_OPTIMIZATION_LEVEL = "-Onone";
			};
			name = Debug;
		};
		CDEAE26224F7E2B700B29E31 /* Release */ = {
			isa = XCBuildConfiguration;
			buildSettings = {
				ALWAYS_SEARCH_USER_PATHS = NO;
				CLANG_ANALYZER_NONNULL = YES;
				CLANG_ANALYZER_NUMBER_OBJECT_CONVERSION = YES_AGGRESSIVE;
				CLANG_CXX_LANGUAGE_STANDARD = "gnu++14";
				CLANG_CXX_LIBRARY = "libc++";
				CLANG_ENABLE_MODULES = YES;
				CLANG_ENABLE_OBJC_ARC = YES;
				CLANG_ENABLE_OBJC_WEAK = YES;
				CLANG_WARN_BLOCK_CAPTURE_AUTORELEASING = YES;
				CLANG_WARN_BOOL_CONVERSION = YES;
				CLANG_WARN_COMMA = YES;
				CLANG_WARN_CONSTANT_CONVERSION = YES;
				CLANG_WARN_DEPRECATED_OBJC_IMPLEMENTATIONS = YES;
				CLANG_WARN_DIRECT_OBJC_ISA_USAGE = YES_ERROR;
				CLANG_WARN_DOCUMENTATION_COMMENTS = YES;
				CLANG_WARN_EMPTY_BODY = YES;
				CLANG_WARN_ENUM_CONVERSION = YES;
				CLANG_WARN_INFINITE_RECURSION = YES;
				CLANG_WARN_INT_CONVERSION = YES;
				CLANG_WARN_NON_LITERAL_NULL_CONVERSION = YES;
				CLANG_WARN_OBJC_IMPLICIT_RETAIN_SELF = YES;
				CLANG_WARN_OBJC_LITERAL_CONVERSION = YES;
				CLANG_WARN_OBJC_ROOT_CLASS = YES_ERROR;
				CLANG_WARN_RANGE_LOOP_ANALYSIS = YES;
				CLANG_WARN_STRICT_PROTOTYPES = YES;
				CLANG_WARN_SUSPICIOUS_MOVE = YES;
				CLANG_WARN_UNGUARDED_AVAILABILITY = YES_AGGRESSIVE;
				CLANG_WARN_UNREACHABLE_CODE = YES;
				CLANG_WARN__DUPLICATE_METHOD_MATCH = YES;
				COPY_PHASE_STRIP = NO;
				DEBUG_INFORMATION_FORMAT = "dwarf-with-dsym";
				ENABLE_NS_ASSERTIONS = NO;
				ENABLE_STRICT_OBJC_MSGSEND = YES;
				GCC_C_LANGUAGE_STANDARD = gnu11;
				GCC_NO_COMMON_BLOCKS = YES;
				GCC_WARN_64_TO_32_BIT_CONVERSION = YES;
				GCC_WARN_ABOUT_RETURN_TYPE = YES_ERROR;
				GCC_WARN_UNDECLARED_SELECTOR = YES;
				GCC_WARN_UNINITIALIZED_AUTOS = YES_AGGRESSIVE;
				GCC_WARN_UNUSED_FUNCTION = YES;
				GCC_WARN_UNUSED_VARIABLE = YES;
				IPHONEOS_DEPLOYMENT_TARGET = 13.6;
				MTL_ENABLE_DEBUG_INFO = NO;
				MTL_FAST_MATH = YES;
				SDKROOT = iphoneos;
				SWIFT_COMPILATION_MODE = wholemodule;
				SWIFT_OPTIMIZATION_LEVEL = "-O";
				VALIDATE_PRODUCT = YES;
			};
			name = Release;
		};
		CDEAE26424F7E2B700B29E31 /* Debug */ = {
			isa = XCBuildConfiguration;
			buildSettings = {
				ASSETCATALOG_COMPILER_APPICON_NAME = AppIcon;
				CODE_SIGN_STYLE = Automatic;
				INFOPLIST_FILE = Test_Task_3/Info.plist;
				IPHONEOS_DEPLOYMENT_TARGET = 13.5;
				LD_RUNPATH_SEARCH_PATHS = (
					"$(inherited)",
					"@executable_path/Frameworks",
				);
				PRODUCT_BUNDLE_IDENTIFIER = "XoXo.Test-Task-3";
				PRODUCT_NAME = "$(TARGET_NAME)";
				SWIFT_VERSION = 5.0;
				TARGETED_DEVICE_FAMILY = 1;
			};
			name = Debug;
		};
		CDEAE26524F7E2B700B29E31 /* Release */ = {
			isa = XCBuildConfiguration;
			buildSettings = {
				ASSETCATALOG_COMPILER_APPICON_NAME = AppIcon;
				CODE_SIGN_STYLE = Automatic;
				INFOPLIST_FILE = Test_Task_3/Info.plist;
				IPHONEOS_DEPLOYMENT_TARGET = 13.5;
				LD_RUNPATH_SEARCH_PATHS = (
					"$(inherited)",
					"@executable_path/Frameworks",
				);
				PRODUCT_BUNDLE_IDENTIFIER = "XoXo.Test-Task-3";
				PRODUCT_NAME = "$(TARGET_NAME)";
				SWIFT_VERSION = 5.0;
				TARGETED_DEVICE_FAMILY = 1;
			};
			name = Release;
		};
/* End XCBuildConfiguration section */

/* Begin XCConfigurationList section */
		CDEAE24A24F7E2B600B29E31 /* Build configuration list for PBXProject "Test_Task_3" */ = {
			isa = XCConfigurationList;
			buildConfigurations = (
				CDEAE26124F7E2B700B29E31 /* Debug */,
				CDEAE26224F7E2B700B29E31 /* Release */,
			);
			defaultConfigurationIsVisible = 0;
			defaultConfigurationName = Release;
		};
		CDEAE26324F7E2B700B29E31 /* Build configuration list for PBXNativeTarget "Test_Task_3" */ = {
			isa = XCConfigurationList;
			buildConfigurations = (
				CDEAE26424F7E2B700B29E31 /* Debug */,
				CDEAE26524F7E2B700B29E31 /* Release */,
			);
			defaultConfigurationIsVisible = 0;
			defaultConfigurationName = Release;
		};
/* End XCConfigurationList section */
	};
	rootObject = CDEAE24724F7E2B600B29E31 /* Project object */;
}
